// !$*UTF8*$!
{
	archiveVersion = 1;
	classes = {
	};
	objectVersion = 51;
	objects = {

/* Begin PBXBuildFile section */
		76349AB726E7332000BD7BAE /* LocationSelectViewController.swift in Sources */ = {isa = PBXBuildFile; fileRef = 76349AB626E7332000BD7BAE /* LocationSelectViewController.swift */; };
		76B3552B26EAE13700957891 /* FriendsTableViewCell.swift in Sources */ = {isa = PBXBuildFile; fileRef = 76B3552A26EAE13700957891 /* FriendsTableViewCell.swift */; };
		76B3552D26EAEC0D00957891 /* DummyDatas.swift in Sources */ = {isa = PBXBuildFile; fileRef = 76B3552C26EAEC0D00957891 /* DummyDatas.swift */; };
		B9BCC4FAA6DAFD4629992EC0 /* Pods_CheongBit.framework in Frameworks */ = {isa = PBXBuildFile; fileRef = 40A719577CEE91AB498C1EF2 /* Pods_CheongBit.framework */; };
		D575487A26CFF63000B2E602 /* AppDelegate.swift in Sources */ = {isa = PBXBuildFile; fileRef = D575487926CFF63000B2E602 /* AppDelegate.swift */; };
		D575487C26CFF63000B2E602 /* SceneDelegate.swift in Sources */ = {isa = PBXBuildFile; fileRef = D575487B26CFF63000B2E602 /* SceneDelegate.swift */; };
		D575487E26CFF63000B2E602 /* 1_MainViewController.swift in Sources */ = {isa = PBXBuildFile; fileRef = D575487D26CFF63000B2E602 /* 1_MainViewController.swift */; };
		D575488126CFF63000B2E602 /* Main.storyboard in Resources */ = {isa = PBXBuildFile; fileRef = D575487F26CFF63000B2E602 /* Main.storyboard */; };
		D575488326CFF63200B2E602 /* Assets.xcassets in Resources */ = {isa = PBXBuildFile; fileRef = D575488226CFF63200B2E602 /* Assets.xcassets */; };
		D575488626CFF63200B2E602 /* LaunchScreen.storyboard in Resources */ = {isa = PBXBuildFile; fileRef = D575488426CFF63200B2E602 /* LaunchScreen.storyboard */; };
		D5AB1AF126EF02900058AE87 /* 1_MainTab.storyboard in Resources */ = {isa = PBXBuildFile; fileRef = D5AB1AF026EF02900058AE87 /* 1_MainTab.storyboard */; };
		D5AB1AF326EF02A80058AE87 /* 3_MyPageTab.storyboard in Resources */ = {isa = PBXBuildFile; fileRef = D5AB1AF226EF02A80058AE87 /* 3_MyPageTab.storyboard */; };
		D5AB1AF926F036EE0058AE87 /* Extension.swift in Sources */ = {isa = PBXBuildFile; fileRef = D5AB1AF826F036EE0058AE87 /* Extension.swift */; };
		D5AB1AFD26F086020058AE87 /* LocationsTableViewCell.swift in Sources */ = {isa = PBXBuildFile; fileRef = D5AB1AFC26F086020058AE87 /* LocationsTableViewCell.swift */; };
		D5AB1B0626F179360058AE87 /* ReportDetailTableViewCell.swift in Sources */ = {isa = PBXBuildFile; fileRef = D5AB1B0526F179360058AE87 /* ReportDetailTableViewCell.swift */; };
		D5D8A6F026E6ED0000A31EC2 /* DesignFile.swift in Sources */ = {isa = PBXBuildFile; fileRef = D5D8A6EF26E6ED0000A31EC2 /* DesignFile.swift */; };
		D5D8A6F226E6FC3900A31EC2 /* 3_MyPageViewController.swift in Sources */ = {isa = PBXBuildFile; fileRef = D5D8A6F126E6FC3900A31EC2 /* 3_MyPageViewController.swift */; };
		D5D8A6F426E6FD3A00A31EC2 /* 2_FriendsTableViewController.swift in Sources */ = {isa = PBXBuildFile; fileRef = D5D8A6F326E6FD3A00A31EC2 /* 2_FriendsTableViewController.swift */; };
		D5D8A70526EEDEFA00A31EC2 /* 2_FriendsTab.storyboard in Resources */ = {isa = PBXBuildFile; fileRef = D5D8A70426EEDEFA00A31EC2 /* 2_FriendsTab.storyboard */; };
		D5D8A70C26EEE35400A31EC2 /* ReportDetailViewController.swift in Sources */ = {isa = PBXBuildFile; fileRef = D5D8A70B26EEE35400A31EC2 /* ReportDetailViewController.swift */; };
/* End PBXBuildFile section */

/* Begin PBXFileReference section */
		40A719577CEE91AB498C1EF2 /* Pods_CheongBit.framework */ = {isa = PBXFileReference; explicitFileType = wrapper.framework; includeInIndex = 0; path = Pods_CheongBit.framework; sourceTree = BUILT_PRODUCTS_DIR; };
		76349AB626E7332000BD7BAE /* LocationSelectViewController.swift */ = {isa = PBXFileReference; lastKnownFileType = sourcecode.swift; path = LocationSelectViewController.swift; sourceTree = "<group>"; };
		76B3552A26EAE13700957891 /* FriendsTableViewCell.swift */ = {isa = PBXFileReference; lastKnownFileType = sourcecode.swift; name = FriendsTableViewCell.swift; path = CheongBit/Cells/2_FriendsView/FriendsTableViewCell.swift; sourceTree = SOURCE_ROOT; };
		76B3552C26EAEC0D00957891 /* DummyDatas.swift */ = {isa = PBXFileReference; lastKnownFileType = sourcecode.swift; path = DummyDatas.swift; sourceTree = "<group>"; };
		86AA25B8CC5778B9024E5A6C /* Pods-CheongBit.debug.xcconfig */ = {isa = PBXFileReference; includeInIndex = 1; lastKnownFileType = text.xcconfig; name = "Pods-CheongBit.debug.xcconfig"; path = "Target Support Files/Pods-CheongBit/Pods-CheongBit.debug.xcconfig"; sourceTree = "<group>"; };
		B25994797AF2E26F860D4B8F /* Pods-CheongBit.release.xcconfig */ = {isa = PBXFileReference; includeInIndex = 1; lastKnownFileType = text.xcconfig; name = "Pods-CheongBit.release.xcconfig"; path = "Target Support Files/Pods-CheongBit/Pods-CheongBit.release.xcconfig"; sourceTree = "<group>"; };
		D575487626CFF63000B2E602 /* CheongBit.app */ = {isa = PBXFileReference; explicitFileType = wrapper.application; includeInIndex = 0; path = CheongBit.app; sourceTree = BUILT_PRODUCTS_DIR; };
		D575487926CFF63000B2E602 /* AppDelegate.swift */ = {isa = PBXFileReference; lastKnownFileType = sourcecode.swift; path = AppDelegate.swift; sourceTree = "<group>"; };
		D575487B26CFF63000B2E602 /* SceneDelegate.swift */ = {isa = PBXFileReference; lastKnownFileType = sourcecode.swift; path = SceneDelegate.swift; sourceTree = "<group>"; };
		D575487D26CFF63000B2E602 /* 1_MainViewController.swift */ = {isa = PBXFileReference; lastKnownFileType = sourcecode.swift; path = 1_MainViewController.swift; sourceTree = "<group>"; };
		D575488026CFF63000B2E602 /* Base */ = {isa = PBXFileReference; lastKnownFileType = file.storyboard; name = Base; path = Base.lproj/Main.storyboard; sourceTree = "<group>"; };
		D575488226CFF63200B2E602 /* Assets.xcassets */ = {isa = PBXFileReference; lastKnownFileType = folder.assetcatalog; path = Assets.xcassets; sourceTree = "<group>"; };
		D575488526CFF63200B2E602 /* Base */ = {isa = PBXFileReference; lastKnownFileType = file.storyboard; name = Base; path = Base.lproj/LaunchScreen.storyboard; sourceTree = "<group>"; };
		D575488726CFF63200B2E602 /* Info.plist */ = {isa = PBXFileReference; lastKnownFileType = text.plist.xml; path = Info.plist; sourceTree = "<group>"; };
		D5AB1AF026EF02900058AE87 /* 1_MainTab.storyboard */ = {isa = PBXFileReference; lastKnownFileType = file.storyboard; path = 1_MainTab.storyboard; sourceTree = "<group>"; };
		D5AB1AF226EF02A80058AE87 /* 3_MyPageTab.storyboard */ = {isa = PBXFileReference; lastKnownFileType = file.storyboard; path = 3_MyPageTab.storyboard; sourceTree = "<group>"; };
		D5AB1AF826F036EE0058AE87 /* Extension.swift */ = {isa = PBXFileReference; lastKnownFileType = sourcecode.swift; path = Extension.swift; sourceTree = "<group>"; };
		D5AB1AFC26F086020058AE87 /* LocationsTableViewCell.swift */ = {isa = PBXFileReference; lastKnownFileType = sourcecode.swift; path = LocationsTableViewCell.swift; sourceTree = "<group>"; };
		D5AB1B0526F179360058AE87 /* ReportDetailTableViewCell.swift */ = {isa = PBXFileReference; lastKnownFileType = sourcecode.swift; path = ReportDetailTableViewCell.swift; sourceTree = "<group>"; };
		D5D8A6EF26E6ED0000A31EC2 /* DesignFile.swift */ = {isa = PBXFileReference; lastKnownFileType = sourcecode.swift; path = DesignFile.swift; sourceTree = "<group>"; };
		D5D8A6F126E6FC3900A31EC2 /* 3_MyPageViewController.swift */ = {isa = PBXFileReference; lastKnownFileType = sourcecode.swift; path = 3_MyPageViewController.swift; sourceTree = "<group>"; };
		D5D8A6F326E6FD3A00A31EC2 /* 2_FriendsTableViewController.swift */ = {isa = PBXFileReference; lastKnownFileType = sourcecode.swift; path = 2_FriendsTableViewController.swift; sourceTree = "<group>"; };
		D5D8A70426EEDEFA00A31EC2 /* 2_FriendsTab.storyboard */ = {isa = PBXFileReference; fileEncoding = 4; lastKnownFileType = file.storyboard; path = 2_FriendsTab.storyboard; sourceTree = "<group>"; };
		D5D8A70B26EEE35400A31EC2 /* ReportDetailViewController.swift */ = {isa = PBXFileReference; lastKnownFileType = sourcecode.swift; path = ReportDetailViewController.swift; sourceTree = "<group>"; };
/* End PBXFileReference section */

/* Begin PBXFrameworksBuildPhase section */
		D575487326CFF63000B2E602 /* Frameworks */ = {
			isa = PBXFrameworksBuildPhase;
			buildActionMask = 2147483647;
			files = (
				B9BCC4FAA6DAFD4629992EC0 /* Pods_CheongBit.framework in Frameworks */,
			);
			runOnlyForDeploymentPostprocessing = 0;
		};
/* End PBXFrameworksBuildPhase section */

/* Begin PBXGroup section */
		465294FB9DDCF1CB30E8B737 /* Pods */ = {
			isa = PBXGroup;
			children = (
				86AA25B8CC5778B9024E5A6C /* Pods-CheongBit.debug.xcconfig */,
				B25994797AF2E26F860D4B8F /* Pods-CheongBit.release.xcconfig */,
			);
			path = Pods;
			sourceTree = "<group>";
		};
		A53D77C6E013B42F999B086A /* Frameworks */ = {
			isa = PBXGroup;
			children = (
				40A719577CEE91AB498C1EF2 /* Pods_CheongBit.framework */,
			);
			name = Frameworks;
			sourceTree = "<group>";
		};
		D575486D26CFF63000B2E602 = {
			isa = PBXGroup;
			children = (
				D575487826CFF63000B2E602 /* CheongBit */,
				D575487726CFF63000B2E602 /* Products */,
				465294FB9DDCF1CB30E8B737 /* Pods */,
				A53D77C6E013B42F999B086A /* Frameworks */,
			);
			sourceTree = "<group>";
		};
		D575487726CFF63000B2E602 /* Products */ = {
			isa = PBXGroup;
			children = (
				D575487626CFF63000B2E602 /* CheongBit.app */,
			);
			name = Products;
			sourceTree = "<group>";
		};
		D575487826CFF63000B2E602 /* CheongBit */ = {
			isa = PBXGroup;
			children = (
				D575487926CFF63000B2E602 /* AppDelegate.swift */,
				D575487B26CFF63000B2E602 /* SceneDelegate.swift */,
				76B3552C26EAEC0D00957891 /* DummyDatas.swift */,
				D5D8A6EF26E6ED0000A31EC2 /* DesignFile.swift */,
				D5AB1AF826F036EE0058AE87 /* Extension.swift */,
				D5D8A6F526E6FF0900A31EC2 /* ViewControllers */,
				D5AB1B0226F1758E0058AE87 /* Cells */,
				D5D8A6F626E7031D00A31EC2 /* Views */,
				D575488226CFF63200B2E602 /* Assets.xcassets */,
				D575488726CFF63200B2E602 /* Info.plist */,
			);
			path = CheongBit;
			sourceTree = "<group>";
		};
		D5AB1AF426F025F30058AE87 /* 1_MainView */ = {
			isa = PBXGroup;
			children = (
				D575487D26CFF63000B2E602 /* 1_MainViewController.swift */,
				76349AB626E7332000BD7BAE /* LocationSelectViewController.swift */,
				D5D8A70B26EEE35400A31EC2 /* ReportDetailViewController.swift */,
			);
			path = 1_MainView;
			sourceTree = "<group>";
		};
		D5AB1AF626F0261E0058AE87 /* 2_FriendsView */ = {
			isa = PBXGroup;
			children = (
				D5D8A6F326E6FD3A00A31EC2 /* 2_FriendsTableViewController.swift */,
			);
			path = 2_FriendsView;
			sourceTree = "<group>";
		};
		D5AB1AF726F026360058AE87 /* 3_MyPageView */ = {
			isa = PBXGroup;
			children = (
				D5D8A6F126E6FC3900A31EC2 /* 3_MyPageViewController.swift */,
			);
			path = 3_MyPageView;
			sourceTree = "<group>";
		};
		D5AB1B0226F1758E0058AE87 /* Cells */ = {
			isa = PBXGroup;
			children = (
				D5AB1B0326F1759C0058AE87 /* 1_MainView */,
				D5AB1B0426F175AA0058AE87 /* 2_FriendsView */,
			);
			path = Cells;
			sourceTree = "<group>";
		};
		D5AB1B0326F1759C0058AE87 /* 1_MainView */ = {
			isa = PBXGroup;
			children = (
				D5AB1AFC26F086020058AE87 /* LocationsTableViewCell.swift */,
				D5AB1B0526F179360058AE87 /* ReportDetailTableViewCell.swift */,
			);
			path = 1_MainView;
			sourceTree = "<group>";
		};
		D5AB1B0426F175AA0058AE87 /* 2_FriendsView */ = {
			isa = PBXGroup;
			children = (
				76B3552A26EAE13700957891 /* FriendsTableViewCell.swift */,
			);
			path = 2_FriendsView;
			sourceTree = "<group>";
		};
		D5D8A6F526E6FF0900A31EC2 /* ViewControllers */ = {
			isa = PBXGroup;
			children = (
				D5AB1AF426F025F30058AE87 /* 1_MainView */,
				D5AB1AF626F0261E0058AE87 /* 2_FriendsView */,
				D5AB1AF726F026360058AE87 /* 3_MyPageView */,
			);
			path = ViewControllers;
			sourceTree = "<group>";
		};
		D5D8A6F626E7031D00A31EC2 /* Views */ = {
			isa = PBXGroup;
			children = (
				D575487F26CFF63000B2E602 /* Main.storyboard */,
				D5AB1AF026EF02900058AE87 /* 1_MainTab.storyboard */,
				D5D8A70426EEDEFA00A31EC2 /* 2_FriendsTab.storyboard */,
				D5AB1AF226EF02A80058AE87 /* 3_MyPageTab.storyboard */,
				D575488426CFF63200B2E602 /* LaunchScreen.storyboard */,
			);
			path = Views;
			sourceTree = "<group>";
		};
/* End PBXGroup section */

/* Begin PBXNativeTarget section */
		D575487526CFF63000B2E602 /* CheongBit */ = {
			isa = PBXNativeTarget;
			buildConfigurationList = D575488A26CFF63200B2E602 /* Build configuration list for PBXNativeTarget "CheongBit" */;
			buildPhases = (
				CBCF40D2A6B091900B89C0D6 /* [CP] Check Pods Manifest.lock */,
				D575487226CFF63000B2E602 /* Sources */,
				D575487326CFF63000B2E602 /* Frameworks */,
				D575487426CFF63000B2E602 /* Resources */,
				9C0B8D20A66CF804B83208DB /* [CP] Embed Pods Frameworks */,
			);
			buildRules = (
			);
			dependencies = (
			);
			name = CheongBit;
			productName = CheongBit;
			productReference = D575487626CFF63000B2E602 /* CheongBit.app */;
			productType = "com.apple.product-type.application";
		};
/* End PBXNativeTarget section */

/* Begin PBXProject section */
		D575486E26CFF63000B2E602 /* Project object */ = {
			isa = PBXProject;
			attributes = {
				LastSwiftUpdateCheck = 1250;
				LastUpgradeCheck = 1250;
				TargetAttributes = {
					D575487526CFF63000B2E602 = {
						CreatedOnToolsVersion = 12.5.1;
					};
				};
			};
			buildConfigurationList = D575487126CFF63000B2E602 /* Build configuration list for PBXProject "CheongBit" */;
			compatibilityVersion = "Xcode 9.3";
			developmentRegion = en;
			hasScannedForEncodings = 0;
			knownRegions = (
				en,
				Base,
			);
			mainGroup = D575486D26CFF63000B2E602;
			productRefGroup = D575487726CFF63000B2E602 /* Products */;
			projectDirPath = "";
			projectRoot = "";
			targets = (
				D575487526CFF63000B2E602 /* CheongBit */,
			);
		};
/* End PBXProject section */

/* Begin PBXResourcesBuildPhase section */
		D575487426CFF63000B2E602 /* Resources */ = {
			isa = PBXResourcesBuildPhase;
			buildActionMask = 2147483647;
			files = (
				D575488626CFF63200B2E602 /* LaunchScreen.storyboard in Resources */,
				D5AB1AF326EF02A80058AE87 /* 3_MyPageTab.storyboard in Resources */,
				D5AB1AF126EF02900058AE87 /* 1_MainTab.storyboard in Resources */,
				D575488326CFF63200B2E602 /* Assets.xcassets in Resources */,
				D5D8A70526EEDEFA00A31EC2 /* 2_FriendsTab.storyboard in Resources */,
				D575488126CFF63000B2E602 /* Main.storyboard in Resources */,
			);
			runOnlyForDeploymentPostprocessing = 0;
		};
/* End PBXResourcesBuildPhase section */

/* Begin PBXShellScriptBuildPhase section */
		9C0B8D20A66CF804B83208DB /* [CP] Embed Pods Frameworks */ = {
			isa = PBXShellScriptBuildPhase;
			buildActionMask = 2147483647;
			files = (
			);
			inputFileListPaths = (
				"${PODS_ROOT}/Target Support Files/Pods-CheongBit/Pods-CheongBit-frameworks-${CONFIGURATION}-input-files.xcfilelist",
			);
			name = "[CP] Embed Pods Frameworks";
			outputFileListPaths = (
				"${PODS_ROOT}/Target Support Files/Pods-CheongBit/Pods-CheongBit-frameworks-${CONFIGURATION}-output-files.xcfilelist",
			);
			runOnlyForDeploymentPostprocessing = 0;
			shellPath = /bin/sh;
			shellScript = "\"${PODS_ROOT}/Target Support Files/Pods-CheongBit/Pods-CheongBit-frameworks.sh\"\n";
			showEnvVarsInLog = 0;
		};
		CBCF40D2A6B091900B89C0D6 /* [CP] Check Pods Manifest.lock */ = {
			isa = PBXShellScriptBuildPhase;
			buildActionMask = 2147483647;
			files = (
			);
			inputFileListPaths = (
			);
			inputPaths = (
				"${PODS_PODFILE_DIR_PATH}/Podfile.lock",
				"${PODS_ROOT}/Manifest.lock",
			);
			name = "[CP] Check Pods Manifest.lock";
			outputFileListPaths = (
			);
			outputPaths = (
				"$(DERIVED_FILE_DIR)/Pods-CheongBit-checkManifestLockResult.txt",
			);
			runOnlyForDeploymentPostprocessing = 0;
			shellPath = /bin/sh;
			shellScript = "diff \"${PODS_PODFILE_DIR_PATH}/Podfile.lock\" \"${PODS_ROOT}/Manifest.lock\" > /dev/null\nif [ $? != 0 ] ; then\n    # print error to STDERR\n    echo \"error: The sandbox is not in sync with the Podfile.lock. Run 'pod install' or update your CocoaPods installation.\" >&2\n    exit 1\nfi\n# This output is used by Xcode 'outputs' to avoid re-running this script phase.\necho \"SUCCESS\" > \"${SCRIPT_OUTPUT_FILE_0}\"\n";
			showEnvVarsInLog = 0;
		};
/* End PBXShellScriptBuildPhase section */

/* Begin PBXSourcesBuildPhase section */
		D575487226CFF63000B2E602 /* Sources */ = {
			isa = PBXSourcesBuildPhase;
			buildActionMask = 2147483647;
			files = (
				D5D8A6F226E6FC3900A31EC2 /* 3_MyPageViewController.swift in Sources */,
				D575487E26CFF63000B2E602 /* 1_MainViewController.swift in Sources */,
				D5D8A70C26EEE35400A31EC2 /* ReportDetailViewController.swift in Sources */,
				D5D8A6F426E6FD3A00A31EC2 /* 2_FriendsTableViewController.swift in Sources */,
				D5AB1AF926F036EE0058AE87 /* Extension.swift in Sources */,
				76B3552D26EAEC0D00957891 /* DummyDatas.swift in Sources */,
				76B3552B26EAE13700957891 /* FriendsTableViewCell.swift in Sources */,
				D5AB1AFD26F086020058AE87 /* LocationsTableViewCell.swift in Sources */,
				D5D8A6F026E6ED0000A31EC2 /* DesignFile.swift in Sources */,
				76349AB726E7332000BD7BAE /* LocationSelectViewController.swift in Sources */,
				D575487A26CFF63000B2E602 /* AppDelegate.swift in Sources */,
				D575487C26CFF63000B2E602 /* SceneDelegate.swift in Sources */,
				D5AB1B0626F179360058AE87 /* ReportDetailTableViewCell.swift in Sources */,
			);
			runOnlyForDeploymentPostprocessing = 0;
		};
/* End PBXSourcesBuildPhase section */

/* Begin PBXVariantGroup section */
		D575487F26CFF63000B2E602 /* Main.storyboard */ = {
			isa = PBXVariantGroup;
			children = (
				D575488026CFF63000B2E602 /* Base */,
			);
			name = Main.storyboard;
			sourceTree = "<group>";
		};
		D575488426CFF63200B2E602 /* LaunchScreen.storyboard */ = {
			isa = PBXVariantGroup;
			children = (
				D575488526CFF63200B2E602 /* Base */,
			);
			name = LaunchScreen.storyboard;
			sourceTree = "<group>";
		};
/* End PBXVariantGroup section */

/* Begin XCBuildConfiguration section */
		D575488826CFF63200B2E602 /* Debug */ = {
			isa = XCBuildConfiguration;
			buildSettings = {
				ALWAYS_SEARCH_USER_PATHS = NO;
				CLANG_ANALYZER_NONNULL = YES;
				CLANG_ANALYZER_NUMBER_OBJECT_CONVERSION = YES_AGGRESSIVE;
				CLANG_CXX_LANGUAGE_STANDARD = "gnu++14";
				CLANG_CXX_LIBRARY = "libc++";
				CLANG_ENABLE_MODULES = YES;
				CLANG_ENABLE_OBJC_ARC = YES;
				CLANG_ENABLE_OBJC_WEAK = YES;
				CLANG_WARN_BLOCK_CAPTURE_AUTORELEASING = YES;
				CLANG_WARN_BOOL_CONVERSION = YES;
				CLANG_WARN_COMMA = YES;
				CLANG_WARN_CONSTANT_CONVERSION = YES;
				CLANG_WARN_DEPRECATED_OBJC_IMPLEMENTATIONS = YES;
				CLANG_WARN_DIRECT_OBJC_ISA_USAGE = YES_ERROR;
				CLANG_WARN_DOCUMENTATION_COMMENTS = YES;
				CLANG_WARN_EMPTY_BODY = YES;
				CLANG_WARN_ENUM_CONVERSION = YES;
				CLANG_WARN_INFINITE_RECURSION = YES;
				CLANG_WARN_INT_CONVERSION = YES;
				CLANG_WARN_NON_LITERAL_NULL_CONVERSION = YES;
				CLANG_WARN_OBJC_IMPLICIT_RETAIN_SELF = YES;
				CLANG_WARN_OBJC_LITERAL_CONVERSION = YES;
				CLANG_WARN_OBJC_ROOT_CLASS = YES_ERROR;
				CLANG_WARN_QUOTED_INCLUDE_IN_FRAMEWORK_HEADER = YES;
				CLANG_WARN_RANGE_LOOP_ANALYSIS = YES;
				CLANG_WARN_STRICT_PROTOTYPES = YES;
				CLANG_WARN_SUSPICIOUS_MOVE = YES;
				CLANG_WARN_UNGUARDED_AVAILABILITY = YES_AGGRESSIVE;
				CLANG_WARN_UNREACHABLE_CODE = YES;
				CLANG_WARN__DUPLICATE_METHOD_MATCH = YES;
				COPY_PHASE_STRIP = NO;
				DEBUG_INFORMATION_FORMAT = dwarf;
				ENABLE_STRICT_OBJC_MSGSEND = YES;
				ENABLE_TESTABILITY = YES;
				GCC_C_LANGUAGE_STANDARD = gnu11;
				GCC_DYNAMIC_NO_PIC = NO;
				GCC_NO_COMMON_BLOCKS = YES;
				GCC_OPTIMIZATION_LEVEL = 0;
				GCC_PREPROCESSOR_DEFINITIONS = (
					"DEBUG=1",
					"$(inherited)",
				);
				GCC_WARN_64_TO_32_BIT_CONVERSION = YES;
				GCC_WARN_ABOUT_RETURN_TYPE = YES_ERROR;
				GCC_WARN_UNDECLARED_SELECTOR = YES;
				GCC_WARN_UNINITIALIZED_AUTOS = YES_AGGRESSIVE;
				GCC_WARN_UNUSED_FUNCTION = YES;
				GCC_WARN_UNUSED_VARIABLE = YES;
				IPHONEOS_DEPLOYMENT_TARGET = 14.5;
				MTL_ENABLE_DEBUG_INFO = INCLUDE_SOURCE;
				MTL_FAST_MATH = YES;
				ONLY_ACTIVE_ARCH = YES;
				SDKROOT = iphoneos;
				SWIFT_ACTIVE_COMPILATION_CONDITIONS = DEBUG;
				SWIFT_OPTIMIZATION_LEVEL = "-Onone";
			};
			name = Debug;
		};
		D575488926CFF63200B2E602 /* Release */ = {
			isa = XCBuildConfiguration;
			buildSettings = {
				ALWAYS_SEARCH_USER_PATHS = NO;
				CLANG_ANALYZER_NONNULL = YES;
				CLANG_ANALYZER_NUMBER_OBJECT_CONVERSION = YES_AGGRESSIVE;
				CLANG_CXX_LANGUAGE_STANDARD = "gnu++14";
				CLANG_CXX_LIBRARY = "libc++";
				CLANG_ENABLE_MODULES = YES;
				CLANG_ENABLE_OBJC_ARC = YES;
				CLANG_ENABLE_OBJC_WEAK = YES;
				CLANG_WARN_BLOCK_CAPTURE_AUTORELEASING = YES;
				CLANG_WARN_BOOL_CONVERSION = YES;
				CLANG_WARN_COMMA = YES;
				CLANG_WARN_CONSTANT_CONVERSION = YES;
				CLANG_WARN_DEPRECATED_OBJC_IMPLEMENTATIONS = YES;
				CLANG_WARN_DIRECT_OBJC_ISA_USAGE = YES_ERROR;
				CLANG_WARN_DOCUMENTATION_COMMENTS = YES;
				CLANG_WARN_EMPTY_BODY = YES;
				CLANG_WARN_ENUM_CONVERSION = YES;
				CLANG_WARN_INFINITE_RECURSION = YES;
				CLANG_WARN_INT_CONVERSION = YES;
				CLANG_WARN_NON_LITERAL_NULL_CONVERSION = YES;
				CLANG_WARN_OBJC_IMPLICIT_RETAIN_SELF = YES;
				CLANG_WARN_OBJC_LITERAL_CONVERSION = YES;
				CLANG_WARN_OBJC_ROOT_CLASS = YES_ERROR;
				CLANG_WARN_QUOTED_INCLUDE_IN_FRAMEWORK_HEADER = YES;
				CLANG_WARN_RANGE_LOOP_ANALYSIS = YES;
				CLANG_WARN_STRICT_PROTOTYPES = YES;
				CLANG_WARN_SUSPICIOUS_MOVE = YES;
				CLANG_WARN_UNGUARDED_AVAILABILITY = YES_AGGRESSIVE;
				CLANG_WARN_UNREACHABLE_CODE = YES;
				CLANG_WARN__DUPLICATE_METHOD_MATCH = YES;
				COPY_PHASE_STRIP = NO;
				DEBUG_INFORMATION_FORMAT = "dwarf-with-dsym";
				ENABLE_NS_ASSERTIONS = NO;
				ENABLE_STRICT_OBJC_MSGSEND = YES;
				GCC_C_LANGUAGE_STANDARD = gnu11;
				GCC_NO_COMMON_BLOCKS = YES;
				GCC_WARN_64_TO_32_BIT_CONVERSION = YES;
				GCC_WARN_ABOUT_RETURN_TYPE = YES_ERROR;
				GCC_WARN_UNDECLARED_SELECTOR = YES;
				GCC_WARN_UNINITIALIZED_AUTOS = YES_AGGRESSIVE;
				GCC_WARN_UNUSED_FUNCTION = YES;
				GCC_WARN_UNUSED_VARIABLE = YES;
				IPHONEOS_DEPLOYMENT_TARGET = 14.5;
				MTL_ENABLE_DEBUG_INFO = NO;
				MTL_FAST_MATH = YES;
				SDKROOT = iphoneos;
				SWIFT_COMPILATION_MODE = wholemodule;
				SWIFT_OPTIMIZATION_LEVEL = "-O";
				VALIDATE_PRODUCT = YES;
			};
			name = Release;
		};
		D575488B26CFF63200B2E602 /* Debug */ = {
			isa = XCBuildConfiguration;
			baseConfigurationReference = 86AA25B8CC5778B9024E5A6C /* Pods-CheongBit.debug.xcconfig */;
			buildSettings = {
				ASSETCATALOG_COMPILER_APPICON_NAME = AppIcon;
				ASSETCATALOG_COMPILER_GLOBAL_ACCENT_COLOR_NAME = AccentColor;
				CODE_SIGN_STYLE = Automatic;
				DEVELOPMENT_TEAM = 82SBYWBUBR;
				INFOPLIST_FILE = CheongBit/Info.plist;
				LD_RUNPATH_SEARCH_PATHS = (
					"$(inherited)",
					"@executable_path/Frameworks",
				);
				PRODUCT_BUNDLE_IDENTIFIER = TeamPdf.CheongBit;
				PRODUCT_NAME = "$(TARGET_NAME)";
				SWIFT_VERSION = 5.0;
				TARGETED_DEVICE_FAMILY = "1,2";
			};
			name = Debug;
		};
		D575488C26CFF63200B2E602 /* Release */ = {
			isa = XCBuildConfiguration;
			baseConfigurationReference = B25994797AF2E26F860D4B8F /* Pods-CheongBit.release.xcconfig */;
			buildSettings = {
				ASSETCATALOG_COMPILER_APPICON_NAME = AppIcon;
				ASSETCATALOG_COMPILER_GLOBAL_ACCENT_COLOR_NAME = AccentColor;
				CODE_SIGN_STYLE = Automatic;
				DEVELOPMENT_TEAM = 82SBYWBUBR;
				INFOPLIST_FILE = CheongBit/Info.plist;
				LD_RUNPATH_SEARCH_PATHS = (
					"$(inherited)",
					"@executable_path/Frameworks",
				);
				PRODUCT_BUNDLE_IDENTIFIER = TeamPdf.CheongBit;
				PRODUCT_NAME = "$(TARGET_NAME)";
				SWIFT_VERSION = 5.0;
				TARGETED_DEVICE_FAMILY = "1,2";
			};
			name = Release;
		};
/* End XCBuildConfiguration section */

/* Begin XCConfigurationList section */
		D575487126CFF63000B2E602 /* Build configuration list for PBXProject "CheongBit" */ = {
			isa = XCConfigurationList;
			buildConfigurations = (
				D575488826CFF63200B2E602 /* Debug */,
				D575488926CFF63200B2E602 /* Release */,
			);
			defaultConfigurationIsVisible = 0;
			defaultConfigurationName = Release;
		};
		D575488A26CFF63200B2E602 /* Build configuration list for PBXNativeTarget "CheongBit" */ = {
			isa = XCConfigurationList;
			buildConfigurations = (
				D575488B26CFF63200B2E602 /* Debug */,
				D575488C26CFF63200B2E602 /* Release */,
			);
			defaultConfigurationIsVisible = 0;
			defaultConfigurationName = Release;
		};
/* End XCConfigurationList section */
	};
	rootObject = D575486E26CFF63000B2E602 /* Project object */;
}
